
Microsoft Visual Studio Solution File, Format Version 12.00
# Visual Studio Version 17
VisualStudioVersion = 17.0.32002.185
MinimumVisualStudioVersion = 10.0.40219.1
Project("{FAE04EC0-301F-11D3-BF4B-00C04F79EFBC}") = "EftaEmployees", "EftaEmployees.csproj", "{56F3328F-582E-4A02-8BDA-E913DF5E6717}"
EndProject
Project("{FAE04EC0-301F-11D3-BF4B-00C04F79EFBC}") = "Dal", "..\Dal\Dal.csproj", "{9B647C2D-787C-4D9D-B058-4D6DAEB815B9}"
EndProject
Project("{FAE04EC0-301F-11D3-BF4B-00C04F79EFBC}") = "Bl", "..\Bl\Bl.csproj", "{CFE602D8-3E18-40A1-AF80-21FCE3AE2923}"
EndProject
Global
	GlobalSection(SolutionConfigurationPlatforms) = preSolution
		Debug|Any CPU = Debug|Any CPU
		Release|Any CPU = Release|Any CPU
	EndGlobalSection
	GlobalSection(ProjectConfigurationPlatforms) = postSolution
		{56F3328F-582E-4A02-8BDA-E913DF5E6717}.Debug|Any CPU.ActiveCfg = Debug|Any CPU
		{56F3328F-582E-4A02-8BDA-E913DF5E6717}.Debug|Any CPU.Build.0 = Debug|Any CPU
		{56F3328F-582E-4A02-8BDA-E913DF5E6717}.Release|Any CPU.ActiveCfg = Release|Any CPU
		{56F3328F-582E-4A02-8BDA-E913DF5E6717}.Release|Any CPU.Build.0 = Release|Any CPU
		{9B647C2D-787C-4D9D-B058-4D6DAEB815B9}.Debug|Any CPU.ActiveCfg = Debug|Any CPU
		{9B647C2D-787C-4D9D-B058-4D6DAEB815B9}.Debug|Any CPU.Build.0 = Debug|Any CPU
		{9B647C2D-787C-4D9D-B058-4D6DAEB815B9}.Release|Any CPU.ActiveCfg = Release|Any CPU
		{9B647C2D-787C-4D9D-B058-4D6DAEB815B9}.Release|Any CPU.Build.0 = Release|Any CPU
		{CFE602D8-3E18-40A1-AF80-21FCE3AE2923}.Debug|Any CPU.ActiveCfg = Debug|Any CPU
		{CFE602D8-3E18-40A1-AF80-21FCE3AE2923}.Debug|Any CPU.Build.0 = Debug|Any CPU
		{CFE602D8-3E18-40A1-AF80-21FCE3AE2923}.Release|Any CPU.ActiveCfg = Release|Any CPU
		{CFE602D8-3E18-40A1-AF80-21FCE3AE2923}.Release|Any CPU.Build.0 = Release|Any CPU
	EndGlobalSection
	GlobalSection(SolutionProperties) = preSolution
		HideSolutionNode = FALSE
	EndGlobalSection
	GlobalSection(ExtensibilityGlobals) = postSolution
		SolutionGuid = {EB351D93-D9C8-4E84-9C06-7A8046DD1DA5}
	EndGlobalSection
EndGlobal
